
Microsoft Visual Studio Solution File, Format Version 12.00
# Visual Studio Version 16
VisualStudioVersion = 16.0.29102.190
MinimumVisualStudioVersion = 10.0.40219.1
Project("{FAE04EC0-301F-11D3-BF4B-00C04F79EFBC}") = "CKTranslator", "CKTranslator\CKTranslator.csproj", "{B5CC5F13-BF0B-48C5-8424-7F5F81AEE1D6}"
EndProject
Project("{FAE04EC0-301F-11D3-BF4B-00C04F79EFBC}") = "Translation", "Translation\Translation.csproj", "{AF9D058B-F8A3-4343-8B93-002844EA3CD9}"
EndProject
Project("{FAE04EC0-301F-11D3-BF4B-00C04F79EFBC}") = "SimilarityEditor", "SimilarityEditor\SimilarityEditor.csproj", "{21438185-68C4-4C5F-8EBF-D9DB9A867E8F}"
EndProject
Project("{2150E333-8FDC-42A3-9474-1A3956D46DE8}") = "Data", "Data", "{806A63C9-F883-4B0A-83CC-54F8005882FF}"
	ProjectSection(SolutionItems) = preProject
		Data\EngToRusMap.json = Data\EngToRusMap.json
		Data\IgnoreValues.txt = Data\IgnoreValues.txt
		Data\LoadOrder.txt = Data\LoadOrder.txt
		Data\StringKeys.txt = Data\StringKeys.txt
		Data\ToTranslateWords (Test).txt = Data\ToTranslateWords (Test).txt
	EndProjectSection
EndProject
Project("{2150E333-8FDC-42A3-9474-1A3956D46DE8}") = "DB", "DB", "{24EAD81E-0055-4862-929F-D21B87533F7C}"
	ProjectSection(SolutionItems) = preProject
		Data\DB\NotTranslated.json = Data\DB\NotTranslated.json
		Data\DB\NotTranslatedStrings.json = Data\DB\NotTranslatedStrings.json
		Data\DB\Rules.json = Data\DB\Rules.json
		Data\DB\Translated.json = Data\DB\Translated.json
		Data\DB\TranslatedStrings.json = Data\DB\TranslatedStrings.json
	EndProjectSection
EndProject
Project("{2150E333-8FDC-42A3-9474-1A3956D46DE8}") = "Languages", "Languages", "{4261C616-63D6-4916-93FC-8D496CD56289}"
	ProjectSection(SolutionItems) = preProject
		Data\Languages\Eng.json = Data\Languages\Eng.json
		Data\Languages\Rus.json = Data\Languages\Rus.json
	EndProjectSection
EndProject
Project("{2150E333-8FDC-42A3-9474-1A3956D46DE8}") = "LettersSimilarity", "LettersSimilarity", "{E6C6DF2F-361A-470E-81B9-7A08AB284F55}"
	ProjectSection(SolutionItems) = preProject
		Data\LettersSimilarity\EngToRus.json = Data\LettersSimilarity\EngToRus.json
	EndProjectSection
EndProject
Project("{2150E333-8FDC-42A3-9474-1A3956D46DE8}") = "Strings", "Strings", "{3EFC0CDE-445D-4732-ADBF-079AFF69FA7E}"
EndProject
Global
	GlobalSection(SolutionConfigurationPlatforms) = preSolution
		Debug|Any CPU = Debug|Any CPU
		Release|Any CPU = Release|Any CPU
	EndGlobalSection
	GlobalSection(ProjectConfigurationPlatforms) = postSolution
		{B5CC5F13-BF0B-48C5-8424-7F5F81AEE1D6}.Debug|Any CPU.ActiveCfg = Debug|Any CPU
		{B5CC5F13-BF0B-48C5-8424-7F5F81AEE1D6}.Debug|Any CPU.Build.0 = Debug|Any CPU
		{B5CC5F13-BF0B-48C5-8424-7F5F81AEE1D6}.Release|Any CPU.ActiveCfg = Release|Any CPU
		{B5CC5F13-BF0B-48C5-8424-7F5F81AEE1D6}.Release|Any CPU.Build.0 = Release|Any CPU
		{AF9D058B-F8A3-4343-8B93-002844EA3CD9}.Debug|Any CPU.ActiveCfg = Debug|Any CPU
		{AF9D058B-F8A3-4343-8B93-002844EA3CD9}.Debug|Any CPU.Build.0 = Debug|Any CPU
		{AF9D058B-F8A3-4343-8B93-002844EA3CD9}.Release|Any CPU.ActiveCfg = Release|Any CPU
		{AF9D058B-F8A3-4343-8B93-002844EA3CD9}.Release|Any CPU.Build.0 = Release|Any CPU
		{21438185-68C4-4C5F-8EBF-D9DB9A867E8F}.Debug|Any CPU.ActiveCfg = Debug|Any CPU
		{21438185-68C4-4C5F-8EBF-D9DB9A867E8F}.Debug|Any CPU.Build.0 = Debug|Any CPU
		{21438185-68C4-4C5F-8EBF-D9DB9A867E8F}.Release|Any CPU.ActiveCfg = Release|Any CPU
		{21438185-68C4-4C5F-8EBF-D9DB9A867E8F}.Release|Any CPU.Build.0 = Release|Any CPU
	EndGlobalSection
	GlobalSection(SolutionProperties) = preSolution
		HideSolutionNode = FALSE
	EndGlobalSection
	GlobalSection(NestedProjects) = preSolution
		{24EAD81E-0055-4862-929F-D21B87533F7C} = {806A63C9-F883-4B0A-83CC-54F8005882FF}
		{4261C616-63D6-4916-93FC-8D496CD56289} = {806A63C9-F883-4B0A-83CC-54F8005882FF}
		{E6C6DF2F-361A-470E-81B9-7A08AB284F55} = {806A63C9-F883-4B0A-83CC-54F8005882FF}
		{3EFC0CDE-445D-4732-ADBF-079AFF69FA7E} = {806A63C9-F883-4B0A-83CC-54F8005882FF}
	EndGlobalSection
	GlobalSection(ExtensibilityGlobals) = postSolution
		SolutionGuid = {CF91D7A5-A282-4723-9272-CE3236EE80F2}
	EndGlobalSection
EndGlobal
