
Microsoft Visual Studio Solution File, Format Version 12.00
# Visual Studio Version 16
VisualStudioVersion = 16.0.29102.190
MinimumVisualStudioVersion = 10.0.40219.1
Project("{2150E333-8FDC-42A3-9474-1A3956D46DE8}") = "Data", "Data", "{806A63C9-F883-4B0A-83CC-54F8005882FF}"
	ProjectSection(SolutionItems) = preProject
		Data\EngToRusMap.json = Data\EngToRusMap.json
		Data\IgnoreValues.txt = Data\IgnoreValues.txt
		Data\LoadOrder.txt = Data\LoadOrder.txt
		Data\StringKeys.txt = Data\StringKeys.txt
		Data\ToTranslateWords (Test).txt = Data\ToTranslateWords (Test).txt
		Data\ToTranslateWords.txt = Data\ToTranslateWords.txt
	EndProjectSection
EndProject
Project("{2150E333-8FDC-42A3-9474-1A3956D46DE8}") = "DB", "DB", "{24EAD81E-0055-4862-929F-D21B87533F7C}"
	ProjectSection(SolutionItems) = preProject
		Data\DB\EngToRusScriptLines.json = Data\DB\EngToRusScriptLines.json
		Data\DB\QueryCache.json = Data\DB\QueryCache.json
		Data\DB\Translations.json = Data\DB\Translations.json
		Data\DB\TransliterationRules.json = Data\DB\TransliterationRules.json
		Data\DB\WebTranslationMisses.json = Data\DB\WebTranslationMisses.json
	EndProjectSection
EndProject
Project("{2150E333-8FDC-42A3-9474-1A3956D46DE8}") = "Languages", "Languages", "{4261C616-63D6-4916-93FC-8D496CD56289}"
	ProjectSection(SolutionItems) = preProject
		Data\Languages\Eng.json = Data\Languages\Eng.json
		Data\Languages\Rus.json = Data\Languages\Rus.json
	EndProjectSection
EndProject
Project("{2150E333-8FDC-42A3-9474-1A3956D46DE8}") = "LettersSimilarity", "LettersSimilarity", "{E6C6DF2F-361A-470E-81B9-7A08AB284F55}"
	ProjectSection(SolutionItems) = preProject
		Data\LettersSimilarity\EngToRus.json = Data\LettersSimilarity\EngToRus.json
	EndProjectSection
EndProject
Project("{2150E333-8FDC-42A3-9474-1A3956D46DE8}") = "Strings", "Strings", "{3EFC0CDE-445D-4732-ADBF-079AFF69FA7E}"
EndProject
Project("{9A19103F-16F7-4668-BE54-9A1E7A4F7556}") = "Core", "Core\Core.csproj", "{1356541D-E602-40BD-98D2-DE9B487BADED}"
EndProject
Project("{9A19103F-16F7-4668-BE54-9A1E7A4F7556}") = "ConsoleTest", "ConsoleTest\ConsoleTest.csproj", "{2BEFD936-8E87-4046-8DD0-BD7B991C01E2}"
EndProject
Project("{9A19103F-16F7-4668-BE54-9A1E7A4F7556}") = "CKTranslator", "CKTranslator\CKTranslator.csproj", "{211DC78F-9763-43F8-8CC4-AB69C16770BA}"
EndProject
Project("{FAE04EC0-301F-11D3-BF4B-00C04F79EFBC}") = "SimilarityEditor", "SimilarityEditor\SimilarityEditor.csproj", "{6131135E-1581-4505-8DFB-56FEC5CE850D}"
EndProject
Global
	GlobalSection(SolutionConfigurationPlatforms) = preSolution
		Debug|Any CPU = Debug|Any CPU
		Release|Any CPU = Release|Any CPU
	EndGlobalSection
	GlobalSection(ProjectConfigurationPlatforms) = postSolution
		{1356541D-E602-40BD-98D2-DE9B487BADED}.Debug|Any CPU.ActiveCfg = Debug|Any CPU
		{1356541D-E602-40BD-98D2-DE9B487BADED}.Debug|Any CPU.Build.0 = Debug|Any CPU
		{1356541D-E602-40BD-98D2-DE9B487BADED}.Release|Any CPU.ActiveCfg = Release|Any CPU
		{1356541D-E602-40BD-98D2-DE9B487BADED}.Release|Any CPU.Build.0 = Release|Any CPU
		{2BEFD936-8E87-4046-8DD0-BD7B991C01E2}.Debug|Any CPU.ActiveCfg = Debug|Any CPU
		{2BEFD936-8E87-4046-8DD0-BD7B991C01E2}.Debug|Any CPU.Build.0 = Debug|Any CPU
		{2BEFD936-8E87-4046-8DD0-BD7B991C01E2}.Release|Any CPU.ActiveCfg = Release|Any CPU
		{2BEFD936-8E87-4046-8DD0-BD7B991C01E2}.Release|Any CPU.Build.0 = Release|Any CPU
		{211DC78F-9763-43F8-8CC4-AB69C16770BA}.Debug|Any CPU.ActiveCfg = Debug|Any CPU
		{211DC78F-9763-43F8-8CC4-AB69C16770BA}.Debug|Any CPU.Build.0 = Debug|Any CPU
		{211DC78F-9763-43F8-8CC4-AB69C16770BA}.Release|Any CPU.ActiveCfg = Release|Any CPU
		{211DC78F-9763-43F8-8CC4-AB69C16770BA}.Release|Any CPU.Build.0 = Release|Any CPU
		{6131135E-1581-4505-8DFB-56FEC5CE850D}.Debug|Any CPU.ActiveCfg = Debug|Any CPU
		{6131135E-1581-4505-8DFB-56FEC5CE850D}.Debug|Any CPU.Build.0 = Debug|Any CPU
		{6131135E-1581-4505-8DFB-56FEC5CE850D}.Release|Any CPU.ActiveCfg = Release|Any CPU
		{6131135E-1581-4505-8DFB-56FEC5CE850D}.Release|Any CPU.Build.0 = Release|Any CPU
	EndGlobalSection
	GlobalSection(SolutionProperties) = preSolution
		HideSolutionNode = FALSE
	EndGlobalSection
	GlobalSection(NestedProjects) = preSolution
		{24EAD81E-0055-4862-929F-D21B87533F7C} = {806A63C9-F883-4B0A-83CC-54F8005882FF}
		{4261C616-63D6-4916-93FC-8D496CD56289} = {806A63C9-F883-4B0A-83CC-54F8005882FF}
		{E6C6DF2F-361A-470E-81B9-7A08AB284F55} = {806A63C9-F883-4B0A-83CC-54F8005882FF}
		{3EFC0CDE-445D-4732-ADBF-079AFF69FA7E} = {806A63C9-F883-4B0A-83CC-54F8005882FF}
	EndGlobalSection
	GlobalSection(ExtensibilityGlobals) = postSolution
		SolutionGuid = {CF91D7A5-A282-4723-9272-CE3236EE80F2}
	EndGlobalSection
EndGlobal
